Microsoft Visual Studio Solution File, Format Version 12.00
# Visual Studio Version 17
VisualStudioVersion = 17.5.2.0
MinimumVisualStudioVersion = 10.0.40219.1
Project("{FAE04EC0-301F-11D3-BF4B-00C04F79EFBC}") = "SistemaPedidos", "SistemaPedidos.csproj", "{77376D74-4D48-5DBF-BA9D-1BDCF74D223F}"
EndProject
Global
	GlobalSection(SolutionConfigurationPlatforms) = preSolution
		Debug|Any CPU = Debug|Any CPU
		Release|Any CPU = Release|Any CPU
	EndGlobalSection
	GlobalSection(ProjectConfigurationPlatforms) = postSolution
		{77376D74-4D48-5DBF-BA9D-1BDCF74D223F}.Debug|Any CPU.ActiveCfg = Debug|Any CPU
		{77376D74-4D48-5DBF-BA9D-1BDCF74D223F}.Debug|Any CPU.Build.0 = Debug|Any CPU
		{77376D74-4D48-5DBF-BA9D-1BDCF74D223F}.Release|Any CPU.ActiveCfg = Release|Any CPU
		{77376D74-4D48-5DBF-BA9D-1BDCF74D223F}.Release|Any CPU.Build.0 = Release|Any CPU
	EndGlobalSection
	GlobalSection(SolutionProperties) = preSolution
		HideSolutionNode = FALSE
	EndGlobalSection
	GlobalSection(ExtensibilityGlobals) = postSolution
		SolutionGuid = {2BD585BE-1E26-4443-81E5-671A85406964}
	EndGlobalSection
EndGlobal
